
Microsoft Visual Studio Solution File, Format Version 12.00
# Visual Studio Version 17
VisualStudioVersion = 17.14.36414.22 d17.14
MinimumVisualStudioVersion = 10.0.40219.1
Project("{FAE04EC0-301F-11D3-BF4B-00C04F79EFBC}") = "IoTAutomobil", "IoTAutomobil\IoTAutomobil.csproj", "{F62BB65B-25A0-447A-897A-787DF11BD4FE}"
EndProject
Global
	GlobalSection(SolutionConfigurationPlatforms) = preSolution
		Debug|Any CPU = Debug|Any CPU
		Release|Any CPU = Release|Any CPU
	EndGlobalSection
	GlobalSection(ProjectConfigurationPlatforms) = postSolution
		{F62BB65B-25A0-447A-897A-787DF11BD4FE}.Debug|Any CPU.ActiveCfg = Debug|Any CPU
		{F62BB65B-25A0-447A-897A-787DF11BD4FE}.Debug|Any CPU.Build.0 = Debug|Any CPU
		{F62BB65B-25A0-447A-897A-787DF11BD4FE}.Release|Any CPU.ActiveCfg = Release|Any CPU
		{F62BB65B-25A0-447A-897A-787DF11BD4FE}.Release|Any CPU.Build.0 = Release|Any CPU
	EndGlobalSection
	GlobalSection(SolutionProperties) = preSolution
		HideSolutionNode = FALSE
	EndGlobalSection
	GlobalSection(ExtensibilityGlobals) = postSolution
		SolutionGuid = {6D5E959A-BA19-49A5-9347-E75CAAC01EB3}
	EndGlobalSection
EndGlobal
